
Microsoft Visual Studio Solution File, Format Version 12.00
# Visual Studio 15
VisualStudioVersion = 15.0.27004.2005
MinimumVisualStudioVersion = 10.0.40219.1
Project("{FAE04EC0-301F-11D3-BF4B-00C04F79EFBC}") = "SICER", "SICER\SICER.csproj", "{09B38E53-F581-43AB-A415-17AE720814E5}"
EndProject
Project("{FAE04EC0-301F-11D3-BF4B-00C04F79EFBC}") = "SICER.MODEL", "SICER.MODEL\SICER.MODEL.csproj", "{7625219E-48B1-4C83-B215-19FE95577F7D}"
EndProject
Project("{FAE04EC0-301F-11D3-BF4B-00C04F79EFBC}") = "SICER.DATAACCESS", "SICER.DATAACCESS\SICER.DATAACCESS.csproj", "{E0DB3BD3-E166-49C0-98C9-FED88334FF88}"
EndProject
Project("{FAE04EC0-301F-11D3-BF4B-00C04F79EFBC}") = "SICER.VIEWMODEL", "SICER.VIEWMODEL\SICER.VIEWMODEL.csproj", "{30F6D852-5332-4DAC-86E3-10954BE99FB1}"
EndProject
Project("{FAE04EC0-301F-11D3-BF4B-00C04F79EFBC}") = "SICER.HELPER", "SICER.HELPER\SICER.HELPER.csproj", "{105061C3-3586-47F4-A737-D47E9CDD0F58}"
EndProject
Project("{FAE04EC0-301F-11D3-BF4B-00C04F79EFBC}") = "SICER.EXCEPTION", "SICER.EXCEPTION\SICER.EXCEPTION.csproj", "{1D022DFA-AD2C-4A13-AB22-9C89678A0FF1}"
EndProject
Project("{FAE04EC0-301F-11D3-BF4B-00C04F79EFBC}") = "SICER.TESTER", "SICER.TESTER\SICER.TESTER.csproj", "{117E0E12-0261-4812-86B8-6FE1A743C124}"
EndProject
Project("{FAE04EC0-301F-11D3-BF4B-00C04F79EFBC}") = "SICER.LOGIC", "SICER.LOGIC\SICER.LOGIC.csproj", "{1CFEFBC0-C3DC-41FF-AD75-65C694266AD6}"
EndProject
Project("{FAE04EC0-301F-11D3-BF4B-00C04F79EFBC}") = "SICER.MODELCODEFIRST", "SICER.MODELCODEFIRST\SICER.MODELCODEFIRST.csproj", "{D737C90E-F8D4-4E4B-9833-288F975531EC}"
EndProject
Project("{FAE04EC0-301F-11D3-BF4B-00C04F79EFBC}") = "SICER.SAPUSERMODEL", "SICER.SAPUSERMODEL\SICER.SAPUSERMODEL.csproj", "{735FD06B-2987-4C0B-9FAF-6011D4282EA9}"
EndProject
Global
	GlobalSection(SolutionConfigurationPlatforms) = preSolution
		Debug|Any CPU = Debug|Any CPU
		Release|Any CPU = Release|Any CPU
	EndGlobalSection
	GlobalSection(ProjectConfigurationPlatforms) = postSolution
		{09B38E53-F581-43AB-A415-17AE720814E5}.Debug|Any CPU.ActiveCfg = Debug|Any CPU
		{09B38E53-F581-43AB-A415-17AE720814E5}.Debug|Any CPU.Build.0 = Debug|Any CPU
		{09B38E53-F581-43AB-A415-17AE720814E5}.Release|Any CPU.ActiveCfg = Release|Any CPU
		{09B38E53-F581-43AB-A415-17AE720814E5}.Release|Any CPU.Build.0 = Release|Any CPU
		{7625219E-48B1-4C83-B215-19FE95577F7D}.Debug|Any CPU.ActiveCfg = Debug|Any CPU
		{7625219E-48B1-4C83-B215-19FE95577F7D}.Debug|Any CPU.Build.0 = Debug|Any CPU
		{7625219E-48B1-4C83-B215-19FE95577F7D}.Release|Any CPU.ActiveCfg = Release|Any CPU
		{7625219E-48B1-4C83-B215-19FE95577F7D}.Release|Any CPU.Build.0 = Release|Any CPU
		{E0DB3BD3-E166-49C0-98C9-FED88334FF88}.Debug|Any CPU.ActiveCfg = Debug|Any CPU
		{E0DB3BD3-E166-49C0-98C9-FED88334FF88}.Debug|Any CPU.Build.0 = Debug|Any CPU
		{E0DB3BD3-E166-49C0-98C9-FED88334FF88}.Release|Any CPU.ActiveCfg = Release|Any CPU
		{E0DB3BD3-E166-49C0-98C9-FED88334FF88}.Release|Any CPU.Build.0 = Release|Any CPU
		{30F6D852-5332-4DAC-86E3-10954BE99FB1}.Debug|Any CPU.ActiveCfg = Debug|Any CPU
		{30F6D852-5332-4DAC-86E3-10954BE99FB1}.Debug|Any CPU.Build.0 = Debug|Any CPU
		{30F6D852-5332-4DAC-86E3-10954BE99FB1}.Release|Any CPU.ActiveCfg = Release|Any CPU
		{30F6D852-5332-4DAC-86E3-10954BE99FB1}.Release|Any CPU.Build.0 = Release|Any CPU
		{105061C3-3586-47F4-A737-D47E9CDD0F58}.Debug|Any CPU.ActiveCfg = Debug|Any CPU
		{105061C3-3586-47F4-A737-D47E9CDD0F58}.Debug|Any CPU.Build.0 = Debug|Any CPU
		{105061C3-3586-47F4-A737-D47E9CDD0F58}.Release|Any CPU.ActiveCfg = Release|Any CPU
		{105061C3-3586-47F4-A737-D47E9CDD0F58}.Release|Any CPU.Build.0 = Release|Any CPU
		{1D022DFA-AD2C-4A13-AB22-9C89678A0FF1}.Debug|Any CPU.ActiveCfg = Debug|Any CPU
		{1D022DFA-AD2C-4A13-AB22-9C89678A0FF1}.Debug|Any CPU.Build.0 = Debug|Any CPU
		{1D022DFA-AD2C-4A13-AB22-9C89678A0FF1}.Release|Any CPU.ActiveCfg = Release|Any CPU
		{1D022DFA-AD2C-4A13-AB22-9C89678A0FF1}.Release|Any CPU.Build.0 = Release|Any CPU
		{117E0E12-0261-4812-86B8-6FE1A743C124}.Debug|Any CPU.ActiveCfg = Debug|Any CPU
		{117E0E12-0261-4812-86B8-6FE1A743C124}.Debug|Any CPU.Build.0 = Debug|Any CPU
		{117E0E12-0261-4812-86B8-6FE1A743C124}.Release|Any CPU.ActiveCfg = Release|Any CPU
		{117E0E12-0261-4812-86B8-6FE1A743C124}.Release|Any CPU.Build.0 = Release|Any CPU
		{1CFEFBC0-C3DC-41FF-AD75-65C694266AD6}.Debug|Any CPU.ActiveCfg = Debug|Any CPU
		{1CFEFBC0-C3DC-41FF-AD75-65C694266AD6}.Debug|Any CPU.Build.0 = Debug|Any CPU
		{1CFEFBC0-C3DC-41FF-AD75-65C694266AD6}.Release|Any CPU.ActiveCfg = Release|Any CPU
		{1CFEFBC0-C3DC-41FF-AD75-65C694266AD6}.Release|Any CPU.Build.0 = Release|Any CPU
		{D737C90E-F8D4-4E4B-9833-288F975531EC}.Debug|Any CPU.ActiveCfg = Debug|Any CPU
		{D737C90E-F8D4-4E4B-9833-288F975531EC}.Debug|Any CPU.Build.0 = Debug|Any CPU
		{D737C90E-F8D4-4E4B-9833-288F975531EC}.Release|Any CPU.ActiveCfg = Release|Any CPU
		{D737C90E-F8D4-4E4B-9833-288F975531EC}.Release|Any CPU.Build.0 = Release|Any CPU
		{735FD06B-2987-4C0B-9FAF-6011D4282EA9}.Debug|Any CPU.ActiveCfg = Debug|Any CPU
		{735FD06B-2987-4C0B-9FAF-6011D4282EA9}.Debug|Any CPU.Build.0 = Debug|Any CPU
		{735FD06B-2987-4C0B-9FAF-6011D4282EA9}.Release|Any CPU.ActiveCfg = Release|Any CPU
		{735FD06B-2987-4C0B-9FAF-6011D4282EA9}.Release|Any CPU.Build.0 = Release|Any CPU
	EndGlobalSection
	GlobalSection(SolutionProperties) = preSolution
		HideSolutionNode = FALSE
	EndGlobalSection
	GlobalSection(ExtensibilityGlobals) = postSolution
		SolutionGuid = {B830C161-E717-4271-9DE3-4BD21B6E3264}
	EndGlobalSection
EndGlobal
